
Microsoft Visual Studio Solution File, Format Version 12.00
# Visual Studio 15
VisualStudioVersion = 15.0.26730.16
MinimumVisualStudioVersion = 10.0.40219.1
Project("{FAE04EC0-301F-11D3-BF4B-00C04F79EFBC}") = "GitSzenario", "GitSzenario\GitSzenario.csproj", "{875BE7E9-2E06-4AF3-94D2-4F04D712882D}"
EndProject
Global
	GlobalSection(SolutionConfigurationPlatforms) = preSolution
		Debug|Any CPU = Debug|Any CPU
		Release|Any CPU = Release|Any CPU
	EndGlobalSection
	GlobalSection(ProjectConfigurationPlatforms) = postSolution
		{875BE7E9-2E06-4AF3-94D2-4F04D712882D}.Debug|Any CPU.ActiveCfg = Debug|Any CPU
		{875BE7E9-2E06-4AF3-94D2-4F04D712882D}.Debug|Any CPU.Build.0 = Debug|Any CPU
		{875BE7E9-2E06-4AF3-94D2-4F04D712882D}.Release|Any CPU.ActiveCfg = Release|Any CPU
		{875BE7E9-2E06-4AF3-94D2-4F04D712882D}.Release|Any CPU.Build.0 = Release|Any CPU
	EndGlobalSection
	GlobalSection(SolutionProperties) = preSolution
		HideSolutionNode = FALSE
	EndGlobalSection
	GlobalSection(ExtensibilityGlobals) = postSolution
		SolutionGuid = {857F7301-5882-4B86-B19F-53D4B1AB5E23}
	EndGlobalSection
EndGlobal
